<?xml version="1.0" encoding="UTF-8"?>
<Project ToolsVersion="14.0" xmlns="http://schemas.microsoft.com/developer/msbuild/2003">
  <ItemGroup>
    <CustomBuild Include="G:\Projects\Bullet\CMakeFiles\1b7e7ea8f6287511a79164eff1b3b52a\INSTALL_force.rule">
      <Filter>CMake Rules</Filter>
    </CustomBuild>
  </ItemGroup>
  <ItemGroup>
    <Filter Include="CMake Rules">
      <UniqueIdentifier>{B904C6A4-742D-4D3B-B04C-BAFDBE19F562}</UniqueIdentifier>
    </Filter>
  </ItemGroup>
</Project>
