Microsoft Visual Studio Solution File, Format Version 12.00
# Visual Studio 14
Project("{8BC9CEB8-8B4A-11D0-8D11-00A0C91BC942}") = "ALL_BUILD", "ALL_BUILD.vcxproj", "{11822485-2646-46F5-B9F5-E8E792EAA8E4}"
	ProjectSection(ProjectDependencies) = postProject
		{2B99794F-B2D7-43ED-A795-43D5D324AC4E} = {2B99794F-B2D7-43ED-A795-43D5D324AC4E}
		{C7CDE758-7372-45AE-ACC5-87DEEB5F1A01} = {C7CDE758-7372-45AE-ACC5-87DEEB5F1A01}
		{89E3AEF3-DE1A-47B4-933D-C9C8E2E39EEE} = {89E3AEF3-DE1A-47B4-933D-C9C8E2E39EEE}
		{C5F57C66-C1D0-4816-8602-7E29E5A35648} = {C5F57C66-C1D0-4816-8602-7E29E5A35648}
		{AB73ED5F-5314-4B16-8E0C-C1D4B4D564A2} = {AB73ED5F-5314-4B16-8E0C-C1D4B4D564A2}
		{55AC693F-D711-4BE5-B894-11CFD69FD796} = {55AC693F-D711-4BE5-B894-11CFD69FD796}
		{82B4FCB0-0539-44B3-AC01-127D6EE54E26} = {82B4FCB0-0539-44B3-AC01-127D6EE54E26}
		{2C6B9C3A-611B-448A-9EC4-77465F834CB0} = {2C6B9C3A-611B-448A-9EC4-77465F834CB0}
		{547A8BA3-1330-4963-8FC5-3840567FB890} = {547A8BA3-1330-4963-8FC5-3840567FB890}
		{36CA1FC6-56EF-45B8-A0E8-E6F2D2522E1A} = {36CA1FC6-56EF-45B8-A0E8-E6F2D2522E1A}
		{7B63AE2A-83C6-4EF6-A422-BB922FB71CF9} = {7B63AE2A-83C6-4EF6-A422-BB922FB71CF9}
		{B98C317D-AD60-49FA-8EE8-1C2105BF0E10} = {B98C317D-AD60-49FA-8EE8-1C2105BF0E10}
		{32A5099A-A9AC-43B5-AD30-0F4E44BEDD85} = {32A5099A-A9AC-43B5-AD30-0F4E44BEDD85}
		{4A9191F4-0CF5-454D-B3BF-32FB7A1E54C4} = {4A9191F4-0CF5-454D-B3BF-32FB7A1E54C4}
		{00968F82-158F-49A5-B85C-9721CE9ECC12} = {00968F82-158F-49A5-B85C-9721CE9ECC12}
		{E632F83E-221B-45A5-B6A5-F0ACD3918CE3} = {E632F83E-221B-45A5-B6A5-F0ACD3918CE3}
		{EC49C2D2-8AFB-4965-97EB-239D888C7486} = {EC49C2D2-8AFB-4965-97EB-239D888C7486}
		{219BADC3-2B00-4081-911F-67E8A9A9371E} = {219BADC3-2B00-4081-911F-67E8A9A9371E}
		{8B84E600-4064-4C76-A583-9EBCABAB213D} = {8B84E600-4064-4C76-A583-9EBCABAB213D}
		{3406984E-9A8F-4109-93FC-6658B0E47582} = {3406984E-9A8F-4109-93FC-6658B0E47582}
		{31B9CA67-1F8E-47D0-9228-99B2FADED393} = {31B9CA67-1F8E-47D0-9228-99B2FADED393}
		{CE6BA959-28B8-4CB0-9EF2-D5C968F421C5} = {CE6BA959-28B8-4CB0-9EF2-D5C968F421C5}
		{36F950AE-9B2B-412F-8DF3-8F4F974BC035} = {36F950AE-9B2B-412F-8DF3-8F4F974BC035}
	EndProjectSection
EndProject
Project("{8BC9CEB8-8B4A-11D0-8D11-00A0C91BC942}") = "App_BasicExample", "examples\BasicDemo\App_BasicExample.vcxproj", "{2B99794F-B2D7-43ED-A795-43D5D324AC4E}"
	ProjectSection(ProjectDependencies) = postProject
		{36CA1FC6-56EF-45B8-A0E8-E6F2D2522E1A} = {36CA1FC6-56EF-45B8-A0E8-E6F2D2522E1A}
		{7B63AE2A-83C6-4EF6-A422-BB922FB71CF9} = {7B63AE2A-83C6-4EF6-A422-BB922FB71CF9}
		{8B84E600-4064-4C76-A583-9EBCABAB213D} = {8B84E600-4064-4C76-A583-9EBCABAB213D}
		{31B9CA67-1F8E-47D0-9228-99B2FADED393} = {31B9CA67-1F8E-47D0-9228-99B2FADED393}
	EndProjectSection
EndProject
Project("{8BC9CEB8-8B4A-11D0-8D11-00A0C91BC942}") = "App_ExampleBrowser", "examples\ExampleBrowser\App_ExampleBrowser.vcxproj", "{C7CDE758-7372-45AE-ACC5-87DEEB5F1A01}"
	ProjectSection(ProjectDependencies) = postProject
		{55AC693F-D711-4BE5-B894-11CFD69FD796} = {55AC693F-D711-4BE5-B894-11CFD69FD796}
		{36CA1FC6-56EF-45B8-A0E8-E6F2D2522E1A} = {36CA1FC6-56EF-45B8-A0E8-E6F2D2522E1A}
		{7B63AE2A-83C6-4EF6-A422-BB922FB71CF9} = {7B63AE2A-83C6-4EF6-A422-BB922FB71CF9}
		{32A5099A-A9AC-43B5-AD30-0F4E44BEDD85} = {32A5099A-A9AC-43B5-AD30-0F4E44BEDD85}
		{8B84E600-4064-4C76-A583-9EBCABAB213D} = {8B84E600-4064-4C76-A583-9EBCABAB213D}
		{3406984E-9A8F-4109-93FC-6658B0E47582} = {3406984E-9A8F-4109-93FC-6658B0E47582}
		{31B9CA67-1F8E-47D0-9228-99B2FADED393} = {31B9CA67-1F8E-47D0-9228-99B2FADED393}
		{36F950AE-9B2B-412F-8DF3-8F4F974BC035} = {36F950AE-9B2B-412F-8DF3-8F4F974BC035}
	EndProjectSection
EndProject
Project("{8BC9CEB8-8B4A-11D0-8D11-00A0C91BC942}") = "App_HelloWorld", "examples\HelloWorld\App_HelloWorld.vcxproj", "{89E3AEF3-DE1A-47B4-933D-C9C8E2E39EEE}"
	ProjectSection(ProjectDependencies) = postProject
		{36CA1FC6-56EF-45B8-A0E8-E6F2D2522E1A} = {36CA1FC6-56EF-45B8-A0E8-E6F2D2522E1A}
		{7B63AE2A-83C6-4EF6-A422-BB922FB71CF9} = {7B63AE2A-83C6-4EF6-A422-BB922FB71CF9}
		{8B84E600-4064-4C76-A583-9EBCABAB213D} = {8B84E600-4064-4C76-A583-9EBCABAB213D}
		{31B9CA67-1F8E-47D0-9228-99B2FADED393} = {31B9CA67-1F8E-47D0-9228-99B2FADED393}
	EndProjectSection
EndProject
Project("{8BC9CEB8-8B4A-11D0-8D11-00A0C91BC942}") = "Bullet2FileLoader", "src\Bullet3Serialize\Bullet2FileLoader\Bullet2FileLoader.vcxproj", "{C5F57C66-C1D0-4816-8602-7E29E5A35648}"
	ProjectSection(ProjectDependencies) = postProject
		{31B9CA67-1F8E-47D0-9228-99B2FADED393} = {31B9CA67-1F8E-47D0-9228-99B2FADED393}
	EndProjectSection
EndProject
Project("{8BC9CEB8-8B4A-11D0-8D11-00A0C91BC942}") = "Bullet3Collision", "src\Bullet3Collision\Bullet3Collision.vcxproj", "{AB73ED5F-5314-4B16-8E0C-C1D4B4D564A2}"
	ProjectSection(ProjectDependencies) = postProject
		{31B9CA67-1F8E-47D0-9228-99B2FADED393} = {31B9CA67-1F8E-47D0-9228-99B2FADED393}
	EndProjectSection
EndProject
Project("{8BC9CEB8-8B4A-11D0-8D11-00A0C91BC942}") = "Bullet3Common", "src\Bullet3Common\Bullet3Common.vcxproj", "{55AC693F-D711-4BE5-B894-11CFD69FD796}"
	ProjectSection(ProjectDependencies) = postProject
		{31B9CA67-1F8E-47D0-9228-99B2FADED393} = {31B9CA67-1F8E-47D0-9228-99B2FADED393}
	EndProjectSection
EndProject
Project("{8BC9CEB8-8B4A-11D0-8D11-00A0C91BC942}") = "Bullet3Dynamics", "src\Bullet3Dynamics\Bullet3Dynamics.vcxproj", "{82B4FCB0-0539-44B3-AC01-127D6EE54E26}"
	ProjectSection(ProjectDependencies) = postProject
		{31B9CA67-1F8E-47D0-9228-99B2FADED393} = {31B9CA67-1F8E-47D0-9228-99B2FADED393}
	EndProjectSection
EndProject
Project("{8BC9CEB8-8B4A-11D0-8D11-00A0C91BC942}") = "Bullet3Geometry", "src\Bullet3Geometry\Bullet3Geometry.vcxproj", "{2C6B9C3A-611B-448A-9EC4-77465F834CB0}"
	ProjectSection(ProjectDependencies) = postProject
		{31B9CA67-1F8E-47D0-9228-99B2FADED393} = {31B9CA67-1F8E-47D0-9228-99B2FADED393}
	EndProjectSection
EndProject
Project("{8BC9CEB8-8B4A-11D0-8D11-00A0C91BC942}") = "Bullet3OpenCL_clew", "src\Bullet3OpenCL\Bullet3OpenCL_clew.vcxproj", "{547A8BA3-1330-4963-8FC5-3840567FB890}"
	ProjectSection(ProjectDependencies) = postProject
		{31B9CA67-1F8E-47D0-9228-99B2FADED393} = {31B9CA67-1F8E-47D0-9228-99B2FADED393}
	EndProjectSection
EndProject
Project("{8BC9CEB8-8B4A-11D0-8D11-00A0C91BC942}") = "BulletCollision", "src\BulletCollision\BulletCollision.vcxproj", "{36CA1FC6-56EF-45B8-A0E8-E6F2D2522E1A}"
	ProjectSection(ProjectDependencies) = postProject
		{31B9CA67-1F8E-47D0-9228-99B2FADED393} = {31B9CA67-1F8E-47D0-9228-99B2FADED393}
	EndProjectSection
EndProject
Project("{8BC9CEB8-8B4A-11D0-8D11-00A0C91BC942}") = "BulletDynamics", "src\BulletDynamics\BulletDynamics.vcxproj", "{7B63AE2A-83C6-4EF6-A422-BB922FB71CF9}"
	ProjectSection(ProjectDependencies) = postProject
		{31B9CA67-1F8E-47D0-9228-99B2FADED393} = {31B9CA67-1F8E-47D0-9228-99B2FADED393}
	EndProjectSection
EndProject
Project("{8BC9CEB8-8B4A-11D0-8D11-00A0C91BC942}") = "BulletFileLoader", "Extras\Serialize\BulletFileLoader\BulletFileLoader.vcxproj", "{B98C317D-AD60-49FA-8EE8-1C2105BF0E10}"
	ProjectSection(ProjectDependencies) = postProject
		{31B9CA67-1F8E-47D0-9228-99B2FADED393} = {31B9CA67-1F8E-47D0-9228-99B2FADED393}
	EndProjectSection
EndProject
Project("{8BC9CEB8-8B4A-11D0-8D11-00A0C91BC942}") = "BulletSoftBody", "src\BulletSoftBody\BulletSoftBody.vcxproj", "{32A5099A-A9AC-43B5-AD30-0F4E44BEDD85}"
	ProjectSection(ProjectDependencies) = postProject
		{31B9CA67-1F8E-47D0-9228-99B2FADED393} = {31B9CA67-1F8E-47D0-9228-99B2FADED393}
	EndProjectSection
EndProject
Project("{8BC9CEB8-8B4A-11D0-8D11-00A0C91BC942}") = "BulletWorldImporter", "Extras\Serialize\BulletWorldImporter\BulletWorldImporter.vcxproj", "{4A9191F4-0CF5-454D-B3BF-32FB7A1E54C4}"
	ProjectSection(ProjectDependencies) = postProject
		{31B9CA67-1F8E-47D0-9228-99B2FADED393} = {31B9CA67-1F8E-47D0-9228-99B2FADED393}
	EndProjectSection
EndProject
Project("{8BC9CEB8-8B4A-11D0-8D11-00A0C91BC942}") = "BulletXmlWorldImporter", "Extras\Serialize\BulletXmlWorldImporter\BulletXmlWorldImporter.vcxproj", "{00968F82-158F-49A5-B85C-9721CE9ECC12}"
	ProjectSection(ProjectDependencies) = postProject
		{31B9CA67-1F8E-47D0-9228-99B2FADED393} = {31B9CA67-1F8E-47D0-9228-99B2FADED393}
	EndProjectSection
EndProject
Project("{8BC9CEB8-8B4A-11D0-8D11-00A0C91BC942}") = "ConvexDecomposition", "Extras\ConvexDecomposition\ConvexDecomposition.vcxproj", "{E632F83E-221B-45A5-B6A5-F0ACD3918CE3}"
	ProjectSection(ProjectDependencies) = postProject
		{31B9CA67-1F8E-47D0-9228-99B2FADED393} = {31B9CA67-1F8E-47D0-9228-99B2FADED393}
	EndProjectSection
EndProject
Project("{8BC9CEB8-8B4A-11D0-8D11-00A0C91BC942}") = "GIMPACTUtils", "Extras\GIMPACTUtils\GIMPACTUtils.vcxproj", "{EC49C2D2-8AFB-4965-97EB-239D888C7486}"
	ProjectSection(ProjectDependencies) = postProject
		{31B9CA67-1F8E-47D0-9228-99B2FADED393} = {31B9CA67-1F8E-47D0-9228-99B2FADED393}
	EndProjectSection
EndProject
Project("{8BC9CEB8-8B4A-11D0-8D11-00A0C91BC942}") = "HACD", "Extras\HACD\HACD.vcxproj", "{219BADC3-2B00-4081-911F-67E8A9A9371E}"
	ProjectSection(ProjectDependencies) = postProject
		{31B9CA67-1F8E-47D0-9228-99B2FADED393} = {31B9CA67-1F8E-47D0-9228-99B2FADED393}
	EndProjectSection
EndProject
Project("{8BC9CEB8-8B4A-11D0-8D11-00A0C91BC942}") = "INSTALL", "INSTALL.vcxproj", "{A38FB8FA-D8AB-4E0B-ABD8-AA078A7426A8}"
	ProjectSection(ProjectDependencies) = postProject
		{11822485-2646-46F5-B9F5-E8E792EAA8E4} = {11822485-2646-46F5-B9F5-E8E792EAA8E4}
	EndProjectSection
EndProject
Project("{8BC9CEB8-8B4A-11D0-8D11-00A0C91BC942}") = "LinearMath", "src\LinearMath\LinearMath.vcxproj", "{8B84E600-4064-4C76-A583-9EBCABAB213D}"
	ProjectSection(ProjectDependencies) = postProject
		{31B9CA67-1F8E-47D0-9228-99B2FADED393} = {31B9CA67-1F8E-47D0-9228-99B2FADED393}
	EndProjectSection
EndProject
Project("{8BC9CEB8-8B4A-11D0-8D11-00A0C91BC942}") = "OpenGLWindow", "examples\OpenGLWindow\OpenGLWindow.vcxproj", "{3406984E-9A8F-4109-93FC-6658B0E47582}"
	ProjectSection(ProjectDependencies) = postProject
		{31B9CA67-1F8E-47D0-9228-99B2FADED393} = {31B9CA67-1F8E-47D0-9228-99B2FADED393}
	EndProjectSection
EndProject
Project("{8BC9CEB8-8B4A-11D0-8D11-00A0C91BC942}") = "ZERO_CHECK", "ZERO_CHECK.vcxproj", "{31B9CA67-1F8E-47D0-9228-99B2FADED393}"
	ProjectSection(ProjectDependencies) = postProject
	EndProjectSection
EndProject
Project("{8BC9CEB8-8B4A-11D0-8D11-00A0C91BC942}") = "gtest", "test\gtest-1.7.0\gtest.vcxproj", "{CE6BA959-28B8-4CB0-9EF2-D5C968F421C5}"
	ProjectSection(ProjectDependencies) = postProject
		{31B9CA67-1F8E-47D0-9228-99B2FADED393} = {31B9CA67-1F8E-47D0-9228-99B2FADED393}
	EndProjectSection
EndProject
Project("{8BC9CEB8-8B4A-11D0-8D11-00A0C91BC942}") = "gwen", "examples\ThirdPartyLibs\Gwen\gwen.vcxproj", "{36F950AE-9B2B-412F-8DF3-8F4F974BC035}"
	ProjectSection(ProjectDependencies) = postProject
		{31B9CA67-1F8E-47D0-9228-99B2FADED393} = {31B9CA67-1F8E-47D0-9228-99B2FADED393}
	EndProjectSection
EndProject
Global
	GlobalSection(SolutionConfigurationPlatforms) = preSolution
		Debug|Win32 = Debug|Win32
		Release|Win32 = Release|Win32
		MinSizeRel|Win32 = MinSizeRel|Win32
		RelWithDebInfo|Win32 = RelWithDebInfo|Win32
	EndGlobalSection
	GlobalSection(ProjectConfigurationPlatforms) = postSolution
		{11822485-2646-46F5-B9F5-E8E792EAA8E4}.Debug|Win32.ActiveCfg = Debug|Win32
		{11822485-2646-46F5-B9F5-E8E792EAA8E4}.Debug|Win32.Build.0 = Debug|Win32
		{11822485-2646-46F5-B9F5-E8E792EAA8E4}.Release|Win32.ActiveCfg = Release|Win32
		{11822485-2646-46F5-B9F5-E8E792EAA8E4}.Release|Win32.Build.0 = Release|Win32
		{11822485-2646-46F5-B9F5-E8E792EAA8E4}.MinSizeRel|Win32.ActiveCfg = MinSizeRel|Win32
		{11822485-2646-46F5-B9F5-E8E792EAA8E4}.MinSizeRel|Win32.Build.0 = MinSizeRel|Win32
		{11822485-2646-46F5-B9F5-E8E792EAA8E4}.RelWithDebInfo|Win32.ActiveCfg = RelWithDebInfo|Win32
		{11822485-2646-46F5-B9F5-E8E792EAA8E4}.RelWithDebInfo|Win32.Build.0 = RelWithDebInfo|Win32
		{2B99794F-B2D7-43ED-A795-43D5D324AC4E}.Debug|Win32.ActiveCfg = Debug|Win32
		{2B99794F-B2D7-43ED-A795-43D5D324AC4E}.Debug|Win32.Build.0 = Debug|Win32
		{2B99794F-B2D7-43ED-A795-43D5D324AC4E}.Release|Win32.ActiveCfg = Release|Win32
		{2B99794F-B2D7-43ED-A795-43D5D324AC4E}.Release|Win32.Build.0 = Release|Win32
		{2B99794F-B2D7-43ED-A795-43D5D324AC4E}.MinSizeRel|Win32.ActiveCfg = MinSizeRel|Win32
		{2B99794F-B2D7-43ED-A795-43D5D324AC4E}.MinSizeRel|Win32.Build.0 = MinSizeRel|Win32
		{2B99794F-B2D7-43ED-A795-43D5D324AC4E}.RelWithDebInfo|Win32.ActiveCfg = RelWithDebInfo|Win32
		{2B99794F-B2D7-43ED-A795-43D5D324AC4E}.RelWithDebInfo|Win32.Build.0 = RelWithDebInfo|Win32
		{C7CDE758-7372-45AE-ACC5-87DEEB5F1A01}.Debug|Win32.ActiveCfg = Debug|Win32
		{C7CDE758-7372-45AE-ACC5-87DEEB5F1A01}.Debug|Win32.Build.0 = Debug|Win32
		{C7CDE758-7372-45AE-ACC5-87DEEB5F1A01}.Release|Win32.ActiveCfg = Release|Win32
		{C7CDE758-7372-45AE-ACC5-87DEEB5F1A01}.Release|Win32.Build.0 = Release|Win32
		{C7CDE758-7372-45AE-ACC5-87DEEB5F1A01}.MinSizeRel|Win32.ActiveCfg = MinSizeRel|Win32
		{C7CDE758-7372-45AE-ACC5-87DEEB5F1A01}.MinSizeRel|Win32.Build.0 = MinSizeRel|Win32
		{C7CDE758-7372-45AE-ACC5-87DEEB5F1A01}.RelWithDebInfo|Win32.ActiveCfg = RelWithDebInfo|Win32
		{C7CDE758-7372-45AE-ACC5-87DEEB5F1A01}.RelWithDebInfo|Win32.Build.0 = RelWithDebInfo|Win32
		{89E3AEF3-DE1A-47B4-933D-C9C8E2E39EEE}.Debug|Win32.ActiveCfg = Debug|Win32
		{89E3AEF3-DE1A-47B4-933D-C9C8E2E39EEE}.Debug|Win32.Build.0 = Debug|Win32
		{89E3AEF3-DE1A-47B4-933D-C9C8E2E39EEE}.Release|Win32.ActiveCfg = Release|Win32
		{89E3AEF3-DE1A-47B4-933D-C9C8E2E39EEE}.Release|Win32.Build.0 = Release|Win32
		{89E3AEF3-DE1A-47B4-933D-C9C8E2E39EEE}.MinSizeRel|Win32.ActiveCfg = MinSizeRel|Win32
		{89E3AEF3-DE1A-47B4-933D-C9C8E2E39EEE}.MinSizeRel|Win32.Build.0 = MinSizeRel|Win32
		{89E3AEF3-DE1A-47B4-933D-C9C8E2E39EEE}.RelWithDebInfo|Win32.ActiveCfg = RelWithDebInfo|Win32
		{89E3AEF3-DE1A-47B4-933D-C9C8E2E39EEE}.RelWithDebInfo|Win32.Build.0 = RelWithDebInfo|Win32
		{C5F57C66-C1D0-4816-8602-7E29E5A35648}.Debug|Win32.ActiveCfg = Debug|Win32
		{C5F57C66-C1D0-4816-8602-7E29E5A35648}.Debug|Win32.Build.0 = Debug|Win32
		{C5F57C66-C1D0-4816-8602-7E29E5A35648}.Release|Win32.ActiveCfg = Release|Win32
		{C5F57C66-C1D0-4816-8602-7E29E5A35648}.Release|Win32.Build.0 = Release|Win32
		{C5F57C66-C1D0-4816-8602-7E29E5A35648}.MinSizeRel|Win32.ActiveCfg = MinSizeRel|Win32
		{C5F57C66-C1D0-4816-8602-7E29E5A35648}.MinSizeRel|Win32.Build.0 = MinSizeRel|Win32
		{C5F57C66-C1D0-4816-8602-7E29E5A35648}.RelWithDebInfo|Win32.ActiveCfg = RelWithDebInfo|Win32
		{C5F57C66-C1D0-4816-8602-7E29E5A35648}.RelWithDebInfo|Win32.Build.0 = RelWithDebInfo|Win32
		{AB73ED5F-5314-4B16-8E0C-C1D4B4D564A2}.Debug|Win32.ActiveCfg = Debug|Win32
		{AB73ED5F-5314-4B16-8E0C-C1D4B4D564A2}.Debug|Win32.Build.0 = Debug|Win32
		{AB73ED5F-5314-4B16-8E0C-C1D4B4D564A2}.Release|Win32.ActiveCfg = Release|Win32
		{AB73ED5F-5314-4B16-8E0C-C1D4B4D564A2}.Release|Win32.Build.0 = Release|Win32
		{AB73ED5F-5314-4B16-8E0C-C1D4B4D564A2}.MinSizeRel|Win32.ActiveCfg = MinSizeRel|Win32
		{AB73ED5F-5314-4B16-8E0C-C1D4B4D564A2}.MinSizeRel|Win32.Build.0 = MinSizeRel|Win32
		{AB73ED5F-5314-4B16-8E0C-C1D4B4D564A2}.RelWithDebInfo|Win32.ActiveCfg = RelWithDebInfo|Win32
		{AB73ED5F-5314-4B16-8E0C-C1D4B4D564A2}.RelWithDebInfo|Win32.Build.0 = RelWithDebInfo|Win32
		{55AC693F-D711-4BE5-B894-11CFD69FD796}.Debug|Win32.ActiveCfg = Debug|Win32
		{55AC693F-D711-4BE5-B894-11CFD69FD796}.Debug|Win32.Build.0 = Debug|Win32
		{55AC693F-D711-4BE5-B894-11CFD69FD796}.Release|Win32.ActiveCfg = Release|Win32
		{55AC693F-D711-4BE5-B894-11CFD69FD796}.Release|Win32.Build.0 = Release|Win32
		{55AC693F-D711-4BE5-B894-11CFD69FD796}.MinSizeRel|Win32.ActiveCfg = MinSizeRel|Win32
		{55AC693F-D711-4BE5-B894-11CFD69FD796}.MinSizeRel|Win32.Build.0 = MinSizeRel|Win32
		{55AC693F-D711-4BE5-B894-11CFD69FD796}.RelWithDebInfo|Win32.ActiveCfg = RelWithDebInfo|Win32
		{55AC693F-D711-4BE5-B894-11CFD69FD796}.RelWithDebInfo|Win32.Build.0 = RelWithDebInfo|Win32
		{82B4FCB0-0539-44B3-AC01-127D6EE54E26}.Debug|Win32.ActiveCfg = Debug|Win32
		{82B4FCB0-0539-44B3-AC01-127D6EE54E26}.Debug|Win32.Build.0 = Debug|Win32
		{82B4FCB0-0539-44B3-AC01-127D6EE54E26}.Release|Win32.ActiveCfg = Release|Win32
		{82B4FCB0-0539-44B3-AC01-127D6EE54E26}.Release|Win32.Build.0 = Release|Win32
		{82B4FCB0-0539-44B3-AC01-127D6EE54E26}.MinSizeRel|Win32.ActiveCfg = MinSizeRel|Win32
		{82B4FCB0-0539-44B3-AC01-127D6EE54E26}.MinSizeRel|Win32.Build.0 = MinSizeRel|Win32
		{82B4FCB0-0539-44B3-AC01-127D6EE54E26}.RelWithDebInfo|Win32.ActiveCfg = RelWithDebInfo|Win32
		{82B4FCB0-0539-44B3-AC01-127D6EE54E26}.RelWithDebInfo|Win32.Build.0 = RelWithDebInfo|Win32
		{2C6B9C3A-611B-448A-9EC4-77465F834CB0}.Debug|Win32.ActiveCfg = Debug|Win32
		{2C6B9C3A-611B-448A-9EC4-77465F834CB0}.Debug|Win32.Build.0 = Debug|Win32
		{2C6B9C3A-611B-448A-9EC4-77465F834CB0}.Release|Win32.ActiveCfg = Release|Win32
		{2C6B9C3A-611B-448A-9EC4-77465F834CB0}.Release|Win32.Build.0 = Release|Win32
		{2C6B9C3A-611B-448A-9EC4-77465F834CB0}.MinSizeRel|Win32.ActiveCfg = MinSizeRel|Win32
		{2C6B9C3A-611B-448A-9EC4-77465F834CB0}.MinSizeRel|Win32.Build.0 = MinSizeRel|Win32
		{2C6B9C3A-611B-448A-9EC4-77465F834CB0}.RelWithDebInfo|Win32.ActiveCfg = RelWithDebInfo|Win32
		{2C6B9C3A-611B-448A-9EC4-77465F834CB0}.RelWithDebInfo|Win32.Build.0 = RelWithDebInfo|Win32
		{547A8BA3-1330-4963-8FC5-3840567FB890}.Debug|Win32.ActiveCfg = Debug|Win32
		{547A8BA3-1330-4963-8FC5-3840567FB890}.Debug|Win32.Build.0 = Debug|Win32
		{547A8BA3-1330-4963-8FC5-3840567FB890}.Release|Win32.ActiveCfg = Release|Win32
		{547A8BA3-1330-4963-8FC5-3840567FB890}.Release|Win32.Build.0 = Release|Win32
		{547A8BA3-1330-4963-8FC5-3840567FB890}.MinSizeRel|Win32.ActiveCfg = MinSizeRel|Win32
		{547A8BA3-1330-4963-8FC5-3840567FB890}.MinSizeRel|Win32.Build.0 = MinSizeRel|Win32
		{547A8BA3-1330-4963-8FC5-3840567FB890}.RelWithDebInfo|Win32.ActiveCfg = RelWithDebInfo|Win32
		{547A8BA3-1330-4963-8FC5-3840567FB890}.RelWithDebInfo|Win32.Build.0 = RelWithDebInfo|Win32
		{36CA1FC6-56EF-45B8-A0E8-E6F2D2522E1A}.Debug|Win32.ActiveCfg = Debug|Win32
		{36CA1FC6-56EF-45B8-A0E8-E6F2D2522E1A}.Debug|Win32.Build.0 = Debug|Win32
		{36CA1FC6-56EF-45B8-A0E8-E6F2D2522E1A}.Release|Win32.ActiveCfg = Release|Win32
		{36CA1FC6-56EF-45B8-A0E8-E6F2D2522E1A}.Release|Win32.Build.0 = Release|Win32
		{36CA1FC6-56EF-45B8-A0E8-E6F2D2522E1A}.MinSizeRel|Win32.ActiveCfg = MinSizeRel|Win32
		{36CA1FC6-56EF-45B8-A0E8-E6F2D2522E1A}.MinSizeRel|Win32.Build.0 = MinSizeRel|Win32
		{36CA1FC6-56EF-45B8-A0E8-E6F2D2522E1A}.RelWithDebInfo|Win32.ActiveCfg = RelWithDebInfo|Win32
		{36CA1FC6-56EF-45B8-A0E8-E6F2D2522E1A}.RelWithDebInfo|Win32.Build.0 = RelWithDebInfo|Win32
		{7B63AE2A-83C6-4EF6-A422-BB922FB71CF9}.Debug|Win32.ActiveCfg = Debug|Win32
		{7B63AE2A-83C6-4EF6-A422-BB922FB71CF9}.Debug|Win32.Build.0 = Debug|Win32
		{7B63AE2A-83C6-4EF6-A422-BB922FB71CF9}.Release|Win32.ActiveCfg = Release|Win32
		{7B63AE2A-83C6-4EF6-A422-BB922FB71CF9}.Release|Win32.Build.0 = Release|Win32
		{7B63AE2A-83C6-4EF6-A422-BB922FB71CF9}.MinSizeRel|Win32.ActiveCfg = MinSizeRel|Win32
		{7B63AE2A-83C6-4EF6-A422-BB922FB71CF9}.MinSizeRel|Win32.Build.0 = MinSizeRel|Win32
		{7B63AE2A-83C6-4EF6-A422-BB922FB71CF9}.RelWithDebInfo|Win32.ActiveCfg = RelWithDebInfo|Win32
		{7B63AE2A-83C6-4EF6-A422-BB922FB71CF9}.RelWithDebInfo|Win32.Build.0 = RelWithDebInfo|Win32
		{B98C317D-AD60-49FA-8EE8-1C2105BF0E10}.Debug|Win32.ActiveCfg = Debug|Win32
		{B98C317D-AD60-49FA-8EE8-1C2105BF0E10}.Debug|Win32.Build.0 = Debug|Win32
		{B98C317D-AD60-49FA-8EE8-1C2105BF0E10}.Release|Win32.ActiveCfg = Release|Win32
		{B98C317D-AD60-49FA-8EE8-1C2105BF0E10}.Release|Win32.Build.0 = Release|Win32
		{B98C317D-AD60-49FA-8EE8-1C2105BF0E10}.MinSizeRel|Win32.ActiveCfg = MinSizeRel|Win32
		{B98C317D-AD60-49FA-8EE8-1C2105BF0E10}.MinSizeRel|Win32.Build.0 = MinSizeRel|Win32
		{B98C317D-AD60-49FA-8EE8-1C2105BF0E10}.RelWithDebInfo|Win32.ActiveCfg = RelWithDebInfo|Win32
		{B98C317D-AD60-49FA-8EE8-1C2105BF0E10}.RelWithDebInfo|Win32.Build.0 = RelWithDebInfo|Win32
		{32A5099A-A9AC-43B5-AD30-0F4E44BEDD85}.Debug|Win32.ActiveCfg = Debug|Win32
		{32A5099A-A9AC-43B5-AD30-0F4E44BEDD85}.Debug|Win32.Build.0 = Debug|Win32
		{32A5099A-A9AC-43B5-AD30-0F4E44BEDD85}.Release|Win32.ActiveCfg = Release|Win32
		{32A5099A-A9AC-43B5-AD30-0F4E44BEDD85}.Release|Win32.Build.0 = Release|Win32
		{32A5099A-A9AC-43B5-AD30-0F4E44BEDD85}.MinSizeRel|Win32.ActiveCfg = MinSizeRel|Win32
		{32A5099A-A9AC-43B5-AD30-0F4E44BEDD85}.MinSizeRel|Win32.Build.0 = MinSizeRel|Win32
		{32A5099A-A9AC-43B5-AD30-0F4E44BEDD85}.RelWithDebInfo|Win32.ActiveCfg = RelWithDebInfo|Win32
		{32A5099A-A9AC-43B5-AD30-0F4E44BEDD85}.RelWithDebInfo|Win32.Build.0 = RelWithDebInfo|Win32
		{4A9191F4-0CF5-454D-B3BF-32FB7A1E54C4}.Debug|Win32.ActiveCfg = Debug|Win32
		{4A9191F4-0CF5-454D-B3BF-32FB7A1E54C4}.Debug|Win32.Build.0 = Debug|Win32
		{4A9191F4-0CF5-454D-B3BF-32FB7A1E54C4}.Release|Win32.ActiveCfg = Release|Win32
		{4A9191F4-0CF5-454D-B3BF-32FB7A1E54C4}.Release|Win32.Build.0 = Release|Win32
		{4A9191F4-0CF5-454D-B3BF-32FB7A1E54C4}.MinSizeRel|Win32.ActiveCfg = MinSizeRel|Win32
		{4A9191F4-0CF5-454D-B3BF-32FB7A1E54C4}.MinSizeRel|Win32.Build.0 = MinSizeRel|Win32
		{4A9191F4-0CF5-454D-B3BF-32FB7A1E54C4}.RelWithDebInfo|Win32.ActiveCfg = RelWithDebInfo|Win32
		{4A9191F4-0CF5-454D-B3BF-32FB7A1E54C4}.RelWithDebInfo|Win32.Build.0 = RelWithDebInfo|Win32
		{00968F82-158F-49A5-B85C-9721CE9ECC12}.Debug|Win32.ActiveCfg = Debug|Win32
		{00968F82-158F-49A5-B85C-9721CE9ECC12}.Debug|Win32.Build.0 = Debug|Win32
		{00968F82-158F-49A5-B85C-9721CE9ECC12}.Release|Win32.ActiveCfg = Release|Win32
		{00968F82-158F-49A5-B85C-9721CE9ECC12}.Release|Win32.Build.0 = Release|Win32
		{00968F82-158F-49A5-B85C-9721CE9ECC12}.MinSizeRel|Win32.ActiveCfg = MinSizeRel|Win32
		{00968F82-158F-49A5-B85C-9721CE9ECC12}.MinSizeRel|Win32.Build.0 = MinSizeRel|Win32
		{00968F82-158F-49A5-B85C-9721CE9ECC12}.RelWithDebInfo|Win32.ActiveCfg = RelWithDebInfo|Win32
		{00968F82-158F-49A5-B85C-9721CE9ECC12}.RelWithDebInfo|Win32.Build.0 = RelWithDebInfo|Win32
		{E632F83E-221B-45A5-B6A5-F0ACD3918CE3}.Debug|Win32.ActiveCfg = Debug|Win32
		{E632F83E-221B-45A5-B6A5-F0ACD3918CE3}.Debug|Win32.Build.0 = Debug|Win32
		{E632F83E-221B-45A5-B6A5-F0ACD3918CE3}.Release|Win32.ActiveCfg = Release|Win32
		{E632F83E-221B-45A5-B6A5-F0ACD3918CE3}.Release|Win32.Build.0 = Release|Win32
		{E632F83E-221B-45A5-B6A5-F0ACD3918CE3}.MinSizeRel|Win32.ActiveCfg = MinSizeRel|Win32
		{E632F83E-221B-45A5-B6A5-F0ACD3918CE3}.MinSizeRel|Win32.Build.0 = MinSizeRel|Win32
		{E632F83E-221B-45A5-B6A5-F0ACD3918CE3}.RelWithDebInfo|Win32.ActiveCfg = RelWithDebInfo|Win32
		{E632F83E-221B-45A5-B6A5-F0ACD3918CE3}.RelWithDebInfo|Win32.Build.0 = RelWithDebInfo|Win32
		{EC49C2D2-8AFB-4965-97EB-239D888C7486}.Debug|Win32.ActiveCfg = Debug|Win32
		{EC49C2D2-8AFB-4965-97EB-239D888C7486}.Debug|Win32.Build.0 = Debug|Win32
		{EC49C2D2-8AFB-4965-97EB-239D888C7486}.Release|Win32.ActiveCfg = Release|Win32
		{EC49C2D2-8AFB-4965-97EB-239D888C7486}.Release|Win32.Build.0 = Release|Win32
		{EC49C2D2-8AFB-4965-97EB-239D888C7486}.MinSizeRel|Win32.ActiveCfg = MinSizeRel|Win32
		{EC49C2D2-8AFB-4965-97EB-239D888C7486}.MinSizeRel|Win32.Build.0 = MinSizeRel|Win32
		{EC49C2D2-8AFB-4965-97EB-239D888C7486}.RelWithDebInfo|Win32.ActiveCfg = RelWithDebInfo|Win32
		{EC49C2D2-8AFB-4965-97EB-239D888C7486}.RelWithDebInfo|Win32.Build.0 = RelWithDebInfo|Win32
		{219BADC3-2B00-4081-911F-67E8A9A9371E}.Debug|Win32.ActiveCfg = Debug|Win32
		{219BADC3-2B00-4081-911F-67E8A9A9371E}.Debug|Win32.Build.0 = Debug|Win32
		{219BADC3-2B00-4081-911F-67E8A9A9371E}.Release|Win32.ActiveCfg = Release|Win32
		{219BADC3-2B00-4081-911F-67E8A9A9371E}.Release|Win32.Build.0 = Release|Win32
		{219BADC3-2B00-4081-911F-67E8A9A9371E}.MinSizeRel|Win32.ActiveCfg = MinSizeRel|Win32
		{219BADC3-2B00-4081-911F-67E8A9A9371E}.MinSizeRel|Win32.Build.0 = MinSizeRel|Win32
		{219BADC3-2B00-4081-911F-67E8A9A9371E}.RelWithDebInfo|Win32.ActiveCfg = RelWithDebInfo|Win32
		{219BADC3-2B00-4081-911F-67E8A9A9371E}.RelWithDebInfo|Win32.Build.0 = RelWithDebInfo|Win32
		{A38FB8FA-D8AB-4E0B-ABD8-AA078A7426A8}.Debug|Win32.ActiveCfg = Debug|Win32
		{A38FB8FA-D8AB-4E0B-ABD8-AA078A7426A8}.Release|Win32.ActiveCfg = Release|Win32
		{A38FB8FA-D8AB-4E0B-ABD8-AA078A7426A8}.MinSizeRel|Win32.ActiveCfg = MinSizeRel|Win32
		{A38FB8FA-D8AB-4E0B-ABD8-AA078A7426A8}.RelWithDebInfo|Win32.ActiveCfg = RelWithDebInfo|Win32
		{8B84E600-4064-4C76-A583-9EBCABAB213D}.Debug|Win32.ActiveCfg = Debug|Win32
		{8B84E600-4064-4C76-A583-9EBCABAB213D}.Debug|Win32.Build.0 = Debug|Win32
		{8B84E600-4064-4C76-A583-9EBCABAB213D}.Release|Win32.ActiveCfg = Release|Win32
		{8B84E600-4064-4C76-A583-9EBCABAB213D}.Release|Win32.Build.0 = Release|Win32
		{8B84E600-4064-4C76-A583-9EBCABAB213D}.MinSizeRel|Win32.ActiveCfg = MinSizeRel|Win32
		{8B84E600-4064-4C76-A583-9EBCABAB213D}.MinSizeRel|Win32.Build.0 = MinSizeRel|Win32
		{8B84E600-4064-4C76-A583-9EBCABAB213D}.RelWithDebInfo|Win32.ActiveCfg = RelWithDebInfo|Win32
		{8B84E600-4064-4C76-A583-9EBCABAB213D}.RelWithDebInfo|Win32.Build.0 = RelWithDebInfo|Win32
		{3406984E-9A8F-4109-93FC-6658B0E47582}.Debug|Win32.ActiveCfg = Debug|Win32
		{3406984E-9A8F-4109-93FC-6658B0E47582}.Debug|Win32.Build.0 = Debug|Win32
		{3406984E-9A8F-4109-93FC-6658B0E47582}.Release|Win32.ActiveCfg = Release|Win32
		{3406984E-9A8F-4109-93FC-6658B0E47582}.Release|Win32.Build.0 = Release|Win32
		{3406984E-9A8F-4109-93FC-6658B0E47582}.MinSizeRel|Win32.ActiveCfg = MinSizeRel|Win32
		{3406984E-9A8F-4109-93FC-6658B0E47582}.MinSizeRel|Win32.Build.0 = MinSizeRel|Win32
		{3406984E-9A8F-4109-93FC-6658B0E47582}.RelWithDebInfo|Win32.ActiveCfg = RelWithDebInfo|Win32
		{3406984E-9A8F-4109-93FC-6658B0E47582}.RelWithDebInfo|Win32.Build.0 = RelWithDebInfo|Win32
		{31B9CA67-1F8E-47D0-9228-99B2FADED393}.Debug|Win32.ActiveCfg = Debug|Win32
		{31B9CA67-1F8E-47D0-9228-99B2FADED393}.Debug|Win32.Build.0 = Debug|Win32
		{31B9CA67-1F8E-47D0-9228-99B2FADED393}.Release|Win32.ActiveCfg = Release|Win32
		{31B9CA67-1F8E-47D0-9228-99B2FADED393}.Release|Win32.Build.0 = Release|Win32
		{31B9CA67-1F8E-47D0-9228-99B2FADED393}.MinSizeRel|Win32.ActiveCfg = MinSizeRel|Win32
		{31B9CA67-1F8E-47D0-9228-99B2FADED393}.MinSizeRel|Win32.Build.0 = MinSizeRel|Win32
		{31B9CA67-1F8E-47D0-9228-99B2FADED393}.RelWithDebInfo|Win32.ActiveCfg = RelWithDebInfo|Win32
		{31B9CA67-1F8E-47D0-9228-99B2FADED393}.RelWithDebInfo|Win32.Build.0 = RelWithDebInfo|Win32
		{CE6BA959-28B8-4CB0-9EF2-D5C968F421C5}.Debug|Win32.ActiveCfg = Debug|Win32
		{CE6BA959-28B8-4CB0-9EF2-D5C968F421C5}.Debug|Win32.Build.0 = Debug|Win32
		{CE6BA959-28B8-4CB0-9EF2-D5C968F421C5}.Release|Win32.ActiveCfg = Release|Win32
		{CE6BA959-28B8-4CB0-9EF2-D5C968F421C5}.Release|Win32.Build.0 = Release|Win32
		{CE6BA959-28B8-4CB0-9EF2-D5C968F421C5}.MinSizeRel|Win32.ActiveCfg = MinSizeRel|Win32
		{CE6BA959-28B8-4CB0-9EF2-D5C968F421C5}.MinSizeRel|Win32.Build.0 = MinSizeRel|Win32
		{CE6BA959-28B8-4CB0-9EF2-D5C968F421C5}.RelWithDebInfo|Win32.ActiveCfg = RelWithDebInfo|Win32
		{CE6BA959-28B8-4CB0-9EF2-D5C968F421C5}.RelWithDebInfo|Win32.Build.0 = RelWithDebInfo|Win32
		{36F950AE-9B2B-412F-8DF3-8F4F974BC035}.Debug|Win32.ActiveCfg = Debug|Win32
		{36F950AE-9B2B-412F-8DF3-8F4F974BC035}.Debug|Win32.Build.0 = Debug|Win32
		{36F950AE-9B2B-412F-8DF3-8F4F974BC035}.Release|Win32.ActiveCfg = Release|Win32
		{36F950AE-9B2B-412F-8DF3-8F4F974BC035}.Release|Win32.Build.0 = Release|Win32
		{36F950AE-9B2B-412F-8DF3-8F4F974BC035}.MinSizeRel|Win32.ActiveCfg = MinSizeRel|Win32
		{36F950AE-9B2B-412F-8DF3-8F4F974BC035}.MinSizeRel|Win32.Build.0 = MinSizeRel|Win32
		{36F950AE-9B2B-412F-8DF3-8F4F974BC035}.RelWithDebInfo|Win32.ActiveCfg = RelWithDebInfo|Win32
		{36F950AE-9B2B-412F-8DF3-8F4F974BC035}.RelWithDebInfo|Win32.Build.0 = RelWithDebInfo|Win32
	EndGlobalSection
	GlobalSection(ExtensibilityGlobals) = postSolution
	EndGlobalSection
	GlobalSection(ExtensibilityAddIns) = postSolution
	EndGlobalSection
EndGlobal
