<?xml version="1.0" encoding="utf-8"?>
<Project ToolsVersion="4.0" xmlns="http://schemas.microsoft.com/developer/msbuild/2003">
  <ItemGroup>
    <Filter Include="src">
      <UniqueIdentifier>{E23F3BCD-8B16-9F43-BC6A-7465D5308F25}</UniqueIdentifier>
    </Filter>
    <Filter Include="src\Bullet3Geometry">
      <UniqueIdentifier>{795F2F25-995E-064D-9614-156A35E18D2F}</UniqueIdentifier>
    </Filter>
  </ItemGroup>
  <ItemGroup>
    <ClInclude Include="..\..\src\Bullet3Geometry\b3AabbUtil.h">
      <Filter>src\Bullet3Geometry</Filter>
    </ClInclude>
    <ClInclude Include="..\..\src\Bullet3Geometry\b3ConvexHullComputer.h">
      <Filter>src\Bullet3Geometry</Filter>
    </ClInclude>
    <ClInclude Include="..\..\src\Bullet3Geometry\b3GeometryUtil.h">
      <Filter>src\Bullet3Geometry</Filter>
    </ClInclude>
    <ClInclude Include="..\..\src\Bullet3Geometry\b3GrahamScan2dConvexHull.h">
      <Filter>src\Bullet3Geometry</Filter>
    </ClInclude>
  </ItemGroup>
  <ItemGroup>
    <ClCompile Include="..\..\src\Bullet3Geometry\b3ConvexHullComputer.cpp">
      <Filter>src\Bullet3Geometry</Filter>
    </ClCompile>
    <ClCompile Include="..\..\src\Bullet3Geometry\b3GeometryUtil.cpp">
      <Filter>src\Bullet3Geometry</Filter>
    </ClCompile>
  </ItemGroup>
</Project>
